
Microsoft Visual Studio Solution File, Format Version 12.00
# Visual Studio Version 17
VisualStudioVersion = 17.5.002.0
MinimumVisualStudioVersion = 10.0.40219.1
Project("{2150E333-8FDC-42A3-9474-1A3956D46DE8}") = "csharp-prep", "csharp-prep", "{40E17A19-BAC9-444D-B5A0-6AC237EA0FE4}"
EndProject
Project("{9A19103F-16F7-4668-BE54-9A1E7A4F7556}") = "Prep1", "csharp-prep\Prep1\Prep1.csproj", "{370A7C5F-014D-4D28-A8A4-E71BC04EF619}"
EndProject
Project("{9A19103F-16F7-4668-BE54-9A1E7A4F7556}") = "Prep2", "csharp-prep\Prep2\Prep2.csproj", "{D86B2567-0005-42E5-A053-87A808BAEA19}"
EndProject
Project("{9A19103F-16F7-4668-BE54-9A1E7A4F7556}") = "Prep3", "csharp-prep\Prep3\Prep3.csproj", "{7CD1B9A4-63A4-4704-BAAE-356847CF4BD3}"
EndProject
Project("{9A19103F-16F7-4668-BE54-9A1E7A4F7556}") = "Prep4", "csharp-prep\Prep4\Prep4.csproj", "{1F56F50B-90FE-46B9-8FEA-E034EF86B5D5}"
EndProject
Project("{9A19103F-16F7-4668-BE54-9A1E7A4F7556}") = "Prep5", "csharp-prep\Prep5\Prep5.csproj", "{8005C034-833E-4FD2-97E6-E96D2BDA3229}"
EndProject
Project("{2150E333-8FDC-42A3-9474-1A3956D46DE8}") = "final", "final", "{14256B15-15EA-4603-A8E9-D836D77B3ED7}"
EndProject
Project("{9A19103F-16F7-4668-BE54-9A1E7A4F7556}") = "FinalProject", "final\FinalProject\FinalProject.csproj", "{C68853FC-3C66-4B63-B803-4FB463670D22}"
EndProject
Project("{9A19103F-16F7-4668-BE54-9A1E7A4F7556}") = "Foundation1", "final\Foundation1\Foundation1.csproj", "{E7FF863F-7322-4811-9FDA-6AA1D6959716}"
EndProject
Project("{9A19103F-16F7-4668-BE54-9A1E7A4F7556}") = "Foundation2", "final\Foundation2\Foundation2.csproj", "{6C9439CE-359B-490D-87E3-5550B27A8599}"
EndProject
Project("{9A19103F-16F7-4668-BE54-9A1E7A4F7556}") = "Foundation3", "final\Foundation3\Foundation3.csproj", "{40A648FA-36BA-479D-8CD4-2AEBD18023AE}"
EndProject
Project("{9A19103F-16F7-4668-BE54-9A1E7A4F7556}") = "Foundation4", "final\Foundation4\Foundation4.csproj", "{F29B0141-1FE6-47DA-A387-21B2908AC144}"
EndProject
Project("{2150E333-8FDC-42A3-9474-1A3956D46DE8}") = "prepare", "prepare", "{44CEA803-8EDB-44BE-A857-4FBECA104201}"
EndProject
Project("{9A19103F-16F7-4668-BE54-9A1E7A4F7556}") = "Learning02", "prepare\Learning02\Learning02.csproj", "{F73080D1-3592-4AE9-ABB7-4474AB4B07EE}"
EndProject
Project("{9A19103F-16F7-4668-BE54-9A1E7A4F7556}") = "Learning03", "prepare\Learning03\Learning03.csproj", "{27CC88F1-7D7F-48CB-BD51-FDEEA71CDB72}"
EndProject
Project("{9A19103F-16F7-4668-BE54-9A1E7A4F7556}") = "Learning04", "prepare\Learning04\Learning04.csproj", "{8DB6BA92-2D6E-4BEB-9969-8B65C59B3068}"
EndProject
Project("{9A19103F-16F7-4668-BE54-9A1E7A4F7556}") = "Learning05", "prepare\Learning05\Learning05.csproj", "{0ADCE959-843B-49A7-9ADC-2E78EB323B3B}"
EndProject
Project("{2150E333-8FDC-42A3-9474-1A3956D46DE8}") = "prove", "prove", "{A07D917C-3B96-43AC-AB51-52DABFACC415}"
EndProject
Project("{9A19103F-16F7-4668-BE54-9A1E7A4F7556}") = "Develop02", "prove\Develop02\Develop02.csproj", "{6BE21E3A-75D8-4E1A-BBE7-BD5A971BCE10}"
EndProject
Project("{9A19103F-16F7-4668-BE54-9A1E7A4F7556}") = "Develop03", "prove\Develop03\Develop03.csproj", "{BD9D5189-5B8A-47A5-8703-74BD59C8197F}"
EndProject
Project("{9A19103F-16F7-4668-BE54-9A1E7A4F7556}") = "Develop04", "prove\Develop04\Develop04.csproj", "{CB4E001C-DB44-4C2F-B8AB-4882509B4460}"
EndProject
Project("{9A19103F-16F7-4668-BE54-9A1E7A4F7556}") = "Develop05", "prove\Develop05\Develop05.csproj", "{07C1FD45-14E8-4CE9-9575-D4DCD31B2001}"
EndProject
Project("{2150E333-8FDC-42A3-9474-1A3956D46DE8}") = "sandbox", "sandbox", "{C1E800DC-2BED-4964-AA8F-69F1E1209689}"
EndProject
Project("{9A19103F-16F7-4668-BE54-9A1E7A4F7556}") = "Sandbox", "sandbox\Sandbox\Sandbox.csproj", "{245DA67F-A537-4FF2-9A1B-55051D0864AD}"
EndProject
Global
	GlobalSection(SolutionConfigurationPlatforms) = preSolution
		Debug|Any CPU = Debug|Any CPU
		Release|Any CPU = Release|Any CPU
	EndGlobalSection
	GlobalSection(ProjectConfigurationPlatforms) = postSolution
		{370A7C5F-014D-4D28-A8A4-E71BC04EF619}.Debug|Any CPU.ActiveCfg = Debug|Any CPU
		{370A7C5F-014D-4D28-A8A4-E71BC04EF619}.Debug|Any CPU.Build.0 = Debug|Any CPU
		{370A7C5F-014D-4D28-A8A4-E71BC04EF619}.Release|Any CPU.ActiveCfg = Release|Any CPU
		{370A7C5F-014D-4D28-A8A4-E71BC04EF619}.Release|Any CPU.Build.0 = Release|Any CPU
		{D86B2567-0005-42E5-A053-87A808BAEA19}.Debug|Any CPU.ActiveCfg = Debug|Any CPU
		{D86B2567-0005-42E5-A053-87A808BAEA19}.Debug|Any CPU.Build.0 = Debug|Any CPU
		{D86B2567-0005-42E5-A053-87A808BAEA19}.Release|Any CPU.ActiveCfg = Release|Any CPU
		{D86B2567-0005-42E5-A053-87A808BAEA19}.Release|Any CPU.Build.0 = Release|Any CPU
		{7CD1B9A4-63A4-4704-BAAE-356847CF4BD3}.Debug|Any CPU.ActiveCfg = Debug|Any CPU
		{7CD1B9A4-63A4-4704-BAAE-356847CF4BD3}.Debug|Any CPU.Build.0 = Debug|Any CPU
		{7CD1B9A4-63A4-4704-BAAE-356847CF4BD3}.Release|Any CPU.ActiveCfg = Release|Any CPU
		{7CD1B9A4-63A4-4704-BAAE-356847CF4BD3}.Release|Any CPU.Build.0 = Release|Any CPU
		{1F56F50B-90FE-46B9-8FEA-E034EF86B5D5}.Debug|Any CPU.ActiveCfg = Debug|Any CPU
		{1F56F50B-90FE-46B9-8FEA-E034EF86B5D5}.Debug|Any CPU.Build.0 = Debug|Any CPU
		{1F56F50B-90FE-46B9-8FEA-E034EF86B5D5}.Release|Any CPU.ActiveCfg = Release|Any CPU
		{1F56F50B-90FE-46B9-8FEA-E034EF86B5D5}.Release|Any CPU.Build.0 = Release|Any CPU
		{8005C034-833E-4FD2-97E6-E96D2BDA3229}.Debug|Any CPU.ActiveCfg = Debug|Any CPU
		{8005C034-833E-4FD2-97E6-E96D2BDA3229}.Debug|Any CPU.Build.0 = Debug|Any CPU
		{8005C034-833E-4FD2-97E6-E96D2BDA3229}.Release|Any CPU.ActiveCfg = Release|Any CPU
		{8005C034-833E-4FD2-97E6-E96D2BDA3229}.Release|Any CPU.Build.0 = Release|Any CPU
		{C68853FC-3C66-4B63-B803-4FB463670D22}.Debug|Any CPU.ActiveCfg = Debug|Any CPU
		{C68853FC-3C66-4B63-B803-4FB463670D22}.Debug|Any CPU.Build.0 = Debug|Any CPU
		{C68853FC-3C66-4B63-B803-4FB463670D22}.Release|Any CPU.ActiveCfg = Release|Any CPU
		{C68853FC-3C66-4B63-B803-4FB463670D22}.Release|Any CPU.Build.0 = Release|Any CPU
		{E7FF863F-7322-4811-9FDA-6AA1D6959716}.Debug|Any CPU.ActiveCfg = Debug|Any CPU
		{E7FF863F-7322-4811-9FDA-6AA1D6959716}.Debug|Any CPU.Build.0 = Debug|Any CPU
		{E7FF863F-7322-4811-9FDA-6AA1D6959716}.Release|Any CPU.ActiveCfg = Release|Any CPU
		{E7FF863F-7322-4811-9FDA-6AA1D6959716}.Release|Any CPU.Build.0 = Release|Any CPU
		{6C9439CE-359B-490D-87E3-5550B27A8599}.Debug|Any CPU.ActiveCfg = Debug|Any CPU
		{6C9439CE-359B-490D-87E3-5550B27A8599}.Debug|Any CPU.Build.0 = Debug|Any CPU
		{6C9439CE-359B-490D-87E3-5550B27A8599}.Release|Any CPU.ActiveCfg = Release|Any CPU
		{6C9439CE-359B-490D-87E3-5550B27A8599}.Release|Any CPU.Build.0 = Release|Any CPU
		{40A648FA-36BA-479D-8CD4-2AEBD18023AE}.Debug|Any CPU.ActiveCfg = Debug|Any CPU
		{40A648FA-36BA-479D-8CD4-2AEBD18023AE}.Debug|Any CPU.Build.0 = Debug|Any CPU
		{40A648FA-36BA-479D-8CD4-2AEBD18023AE}.Release|Any CPU.ActiveCfg = Release|Any CPU
		{40A648FA-36BA-479D-8CD4-2AEBD18023AE}.Release|Any CPU.Build.0 = Release|Any CPU
		{F29B0141-1FE6-47DA-A387-21B2908AC144}.Debug|Any CPU.ActiveCfg = Debug|Any CPU
		{F29B0141-1FE6-47DA-A387-21B2908AC144}.Debug|Any CPU.Build.0 = Debug|Any CPU
		{F29B0141-1FE6-47DA-A387-21B2908AC144}.Release|Any CPU.ActiveCfg = Release|Any CPU
		{F29B0141-1FE6-47DA-A387-21B2908AC144}.Release|Any CPU.Build.0 = Release|Any CPU
		{F73080D1-3592-4AE9-ABB7-4474AB4B07EE}.Debug|Any CPU.ActiveCfg = Debug|Any CPU
		{F73080D1-3592-4AE9-ABB7-4474AB4B07EE}.Debug|Any CPU.Build.0 = Debug|Any CPU
		{F73080D1-3592-4AE9-ABB7-4474AB4B07EE}.Release|Any CPU.ActiveCfg = Release|Any CPU
		{F73080D1-3592-4AE9-ABB7-4474AB4B07EE}.Release|Any CPU.Build.0 = Release|Any CPU
		{27CC88F1-7D7F-48CB-BD51-FDEEA71CDB72}.Debug|Any CPU.ActiveCfg = Debug|Any CPU
		{27CC88F1-7D7F-48CB-BD51-FDEEA71CDB72}.Debug|Any CPU.Build.0 = Debug|Any CPU
		{27CC88F1-7D7F-48CB-BD51-FDEEA71CDB72}.Release|Any CPU.ActiveCfg = Release|Any CPU
		{27CC88F1-7D7F-48CB-BD51-FDEEA71CDB72}.Release|Any CPU.Build.0 = Release|Any CPU
		{8DB6BA92-2D6E-4BEB-9969-8B65C59B3068}.Debug|Any CPU.ActiveCfg = Debug|Any CPU
		{8DB6BA92-2D6E-4BEB-9969-8B65C59B3068}.Debug|Any CPU.Build.0 = Debug|Any CPU
		{8DB6BA92-2D6E-4BEB-9969-8B65C59B3068}.Release|Any CPU.ActiveCfg = Release|Any CPU
		{8DB6BA92-2D6E-4BEB-9969-8B65C59B3068}.Release|Any CPU.Build.0 = Release|Any CPU
		{0ADCE959-843B-49A7-9ADC-2E78EB323B3B}.Debug|Any CPU.ActiveCfg = Debug|Any CPU
		{0ADCE959-843B-49A7-9ADC-2E78EB323B3B}.Debug|Any CPU.Build.0 = Debug|Any CPU
		{0ADCE959-843B-49A7-9ADC-2E78EB323B3B}.Release|Any CPU.ActiveCfg = Release|Any CPU
		{0ADCE959-843B-49A7-9ADC-2E78EB323B3B}.Release|Any CPU.Build.0 = Release|Any CPU
		{6BE21E3A-75D8-4E1A-BBE7-BD5A971BCE10}.Debug|Any CPU.ActiveCfg = Debug|Any CPU
		{6BE21E3A-75D8-4E1A-BBE7-BD5A971BCE10}.Debug|Any CPU.Build.0 = Debug|Any CPU
		{6BE21E3A-75D8-4E1A-BBE7-BD5A971BCE10}.Release|Any CPU.ActiveCfg = Release|Any CPU
		{6BE21E3A-75D8-4E1A-BBE7-BD5A971BCE10}.Release|Any CPU.Build.0 = Release|Any CPU
		{BD9D5189-5B8A-47A5-8703-74BD59C8197F}.Debug|Any CPU.ActiveCfg = Debug|Any CPU
		{BD9D5189-5B8A-47A5-8703-74BD59C8197F}.Debug|Any CPU.Build.0 = Debug|Any CPU
		{BD9D5189-5B8A-47A5-8703-74BD59C8197F}.Release|Any CPU.ActiveCfg = Release|Any CPU
		{BD9D5189-5B8A-47A5-8703-74BD59C8197F}.Release|Any CPU.Build.0 = Release|Any CPU
		{CB4E001C-DB44-4C2F-B8AB-4882509B4460}.Debug|Any CPU.ActiveCfg = Debug|Any CPU
		{CB4E001C-DB44-4C2F-B8AB-4882509B4460}.Debug|Any CPU.Build.0 = Debug|Any CPU
		{CB4E001C-DB44-4C2F-B8AB-4882509B4460}.Release|Any CPU.ActiveCfg = Release|Any CPU
		{CB4E001C-DB44-4C2F-B8AB-4882509B4460}.Release|Any CPU.Build.0 = Release|Any CPU
		{07C1FD45-14E8-4CE9-9575-D4DCD31B2001}.Debug|Any CPU.ActiveCfg = Debug|Any CPU
		{07C1FD45-14E8-4CE9-9575-D4DCD31B2001}.Debug|Any CPU.Build.0 = Debug|Any CPU
		{07C1FD45-14E8-4CE9-9575-D4DCD31B2001}.Release|Any CPU.ActiveCfg = Release|Any CPU
		{07C1FD45-14E8-4CE9-9575-D4DCD31B2001}.Release|Any CPU.Build.0 = Release|Any CPU
		{245DA67F-A537-4FF2-9A1B-55051D0864AD}.Debug|Any CPU.ActiveCfg = Debug|Any CPU
		{245DA67F-A537-4FF2-9A1B-55051D0864AD}.Debug|Any CPU.Build.0 = Debug|Any CPU
		{245DA67F-A537-4FF2-9A1B-55051D0864AD}.Release|Any CPU.ActiveCfg = Release|Any CPU
		{245DA67F-A537-4FF2-9A1B-55051D0864AD}.Release|Any CPU.Build.0 = Release|Any CPU
	EndGlobalSection
	GlobalSection(SolutionProperties) = preSolution
		HideSolutionNode = FALSE
	EndGlobalSection
	GlobalSection(NestedProjects) = preSolution
		{370A7C5F-014D-4D28-A8A4-E71BC04EF619} = {40E17A19-BAC9-444D-B5A0-6AC237EA0FE4}
		{D86B2567-0005-42E5-A053-87A808BAEA19} = {40E17A19-BAC9-444D-B5A0-6AC237EA0FE4}
		{7CD1B9A4-63A4-4704-BAAE-356847CF4BD3} = {40E17A19-BAC9-444D-B5A0-6AC237EA0FE4}
		{1F56F50B-90FE-46B9-8FEA-E034EF86B5D5} = {40E17A19-BAC9-444D-B5A0-6AC237EA0FE4}
		{8005C034-833E-4FD2-97E6-E96D2BDA3229} = {40E17A19-BAC9-444D-B5A0-6AC237EA0FE4}
		{C68853FC-3C66-4B63-B803-4FB463670D22} = {14256B15-15EA-4603-A8E9-D836D77B3ED7}
		{E7FF863F-7322-4811-9FDA-6AA1D6959716} = {14256B15-15EA-4603-A8E9-D836D77B3ED7}
		{6C9439CE-359B-490D-87E3-5550B27A8599} = {14256B15-15EA-4603-A8E9-D836D77B3ED7}
		{40A648FA-36BA-479D-8CD4-2AEBD18023AE} = {14256B15-15EA-4603-A8E9-D836D77B3ED7}
		{F29B0141-1FE6-47DA-A387-21B2908AC144} = {14256B15-15EA-4603-A8E9-D836D77B3ED7}
		{F73080D1-3592-4AE9-ABB7-4474AB4B07EE} = {44CEA803-8EDB-44BE-A857-4FBECA104201}
		{27CC88F1-7D7F-48CB-BD51-FDEEA71CDB72} = {44CEA803-8EDB-44BE-A857-4FBECA104201}
		{8DB6BA92-2D6E-4BEB-9969-8B65C59B3068} = {44CEA803-8EDB-44BE-A857-4FBECA104201}
		{0ADCE959-843B-49A7-9ADC-2E78EB323B3B} = {44CEA803-8EDB-44BE-A857-4FBECA104201}
		{6BE21E3A-75D8-4E1A-BBE7-BD5A971BCE10} = {A07D917C-3B96-43AC-AB51-52DABFACC415}
		{BD9D5189-5B8A-47A5-8703-74BD59C8197F} = {A07D917C-3B96-43AC-AB51-52DABFACC415}
		{CB4E001C-DB44-4C2F-B8AB-4882509B4460} = {A07D917C-3B96-43AC-AB51-52DABFACC415}
		{07C1FD45-14E8-4CE9-9575-D4DCD31B2001} = {A07D917C-3B96-43AC-AB51-52DABFACC415}
		{245DA67F-A537-4FF2-9A1B-55051D0864AD} = {C1E800DC-2BED-4964-AA8F-69F1E1209689}
	EndGlobalSection
	GlobalSection(ExtensibilityGlobals) = postSolution
		SolutionGuid = {76CDDEF6-FF41-42F9-AFFD-0B3BA5A5D371}
	EndGlobalSection
EndGlobal
